
Microsoft Visual Studio Solution File, Format Version 12.00
# Visual Studio 15
VisualStudioVersion = 15.0.28010.2026
MinimumVisualStudioVersion = 10.0.40219.1
Project("{FAE04EC0-301F-11D3-BF4B-00C04F79EFBC}") = "Ejercicio_5", "Ejercicio_5\Ejercicio_5.csproj", "{7DD2289D-AE95-4A83-98D1-1878C8966450}"
EndProject
Global
	GlobalSection(SolutionConfigurationPlatforms) = preSolution
		Debug|Any CPU = Debug|Any CPU
		Release|Any CPU = Release|Any CPU
	EndGlobalSection
	GlobalSection(ProjectConfigurationPlatforms) = postSolution
		{7DD2289D-AE95-4A83-98D1-1878C8966450}.Debug|Any CPU.ActiveCfg = Debug|Any CPU
		{7DD2289D-AE95-4A83-98D1-1878C8966450}.Debug|Any CPU.Build.0 = Debug|Any CPU
		{7DD2289D-AE95-4A83-98D1-1878C8966450}.Release|Any CPU.ActiveCfg = Release|Any CPU
		{7DD2289D-AE95-4A83-98D1-1878C8966450}.Release|Any CPU.Build.0 = Release|Any CPU
	EndGlobalSection
	GlobalSection(SolutionProperties) = preSolution
		HideSolutionNode = FALSE
	EndGlobalSection
	GlobalSection(ExtensibilityGlobals) = postSolution
		SolutionGuid = {D86EEFAC-A568-4C35-A999-8D7D6B8FAD5E}
	EndGlobalSection
EndGlobal
